
Microsoft Visual Studio Solution File, Format Version 12.00
# Visual Studio 15
VisualStudioVersion = 15.0.26730.12
MinimumVisualStudioVersion = 10.0.40219.1
Project("{FAE04EC0-301F-11D3-BF4B-00C04F79EFBC}") = "p04_Hospital", "11_Exam_preparatio-I\p04_Hospital.csproj", "{F12ACF59-37A4-4297-95B1-8A26CCAE1FD1}"
EndProject
Project("{FAE04EC0-301F-11D3-BF4B-00C04F79EFBC}") = "p02_KnightGame", "p02_KnightGame\p02_KnightGame.csproj", "{62DE4C67-B3B5-4775-9A59-3FA050CA1F0B}"
EndProject
Project("{FAE04EC0-301F-11D3-BF4B-00C04F79EFBC}") = "p01_Regeh", "p01_Regeh\p01_Regeh.csproj", "{21EF1D7B-1603-44DE-AAE6-5E6467CBF13D}"
EndProject
Project("{FAE04EC0-301F-11D3-BF4B-00C04F79EFBC}") = "p03_NumberWars", "p03_NumberWars\p03_NumberWars.csproj", "{2EFE80EA-E3EF-4628-B871-0C8D982F609F}"
EndProject
Global
	GlobalSection(SolutionConfigurationPlatforms) = preSolution
		Debug|Any CPU = Debug|Any CPU
		Release|Any CPU = Release|Any CPU
	EndGlobalSection
	GlobalSection(ProjectConfigurationPlatforms) = postSolution
		{F12ACF59-37A4-4297-95B1-8A26CCAE1FD1}.Debug|Any CPU.ActiveCfg = Debug|Any CPU
		{F12ACF59-37A4-4297-95B1-8A26CCAE1FD1}.Debug|Any CPU.Build.0 = Debug|Any CPU
		{F12ACF59-37A4-4297-95B1-8A26CCAE1FD1}.Release|Any CPU.ActiveCfg = Release|Any CPU
		{F12ACF59-37A4-4297-95B1-8A26CCAE1FD1}.Release|Any CPU.Build.0 = Release|Any CPU
		{62DE4C67-B3B5-4775-9A59-3FA050CA1F0B}.Debug|Any CPU.ActiveCfg = Debug|Any CPU
		{62DE4C67-B3B5-4775-9A59-3FA050CA1F0B}.Debug|Any CPU.Build.0 = Debug|Any CPU
		{62DE4C67-B3B5-4775-9A59-3FA050CA1F0B}.Release|Any CPU.ActiveCfg = Release|Any CPU
		{62DE4C67-B3B5-4775-9A59-3FA050CA1F0B}.Release|Any CPU.Build.0 = Release|Any CPU
		{21EF1D7B-1603-44DE-AAE6-5E6467CBF13D}.Debug|Any CPU.ActiveCfg = Debug|Any CPU
		{21EF1D7B-1603-44DE-AAE6-5E6467CBF13D}.Debug|Any CPU.Build.0 = Debug|Any CPU
		{21EF1D7B-1603-44DE-AAE6-5E6467CBF13D}.Release|Any CPU.ActiveCfg = Release|Any CPU
		{21EF1D7B-1603-44DE-AAE6-5E6467CBF13D}.Release|Any CPU.Build.0 = Release|Any CPU
		{2EFE80EA-E3EF-4628-B871-0C8D982F609F}.Debug|Any CPU.ActiveCfg = Debug|Any CPU
		{2EFE80EA-E3EF-4628-B871-0C8D982F609F}.Debug|Any CPU.Build.0 = Debug|Any CPU
		{2EFE80EA-E3EF-4628-B871-0C8D982F609F}.Release|Any CPU.ActiveCfg = Release|Any CPU
		{2EFE80EA-E3EF-4628-B871-0C8D982F609F}.Release|Any CPU.Build.0 = Release|Any CPU
	EndGlobalSection
	GlobalSection(SolutionProperties) = preSolution
		HideSolutionNode = FALSE
	EndGlobalSection
	GlobalSection(ExtensibilityGlobals) = postSolution
		SolutionGuid = {6F75EDCF-A6A8-4690-BC9C-6FBBB406F9E1}
	EndGlobalSection
EndGlobal
